
Microsoft Visual Studio Solution File, Format Version 12.00
# Visual Studio Version 16
VisualStudioVersion = 16.0.29613.14
MinimumVisualStudioVersion = 10.0.40219.1
Project("{9A19103F-16F7-4668-BE54-9A1E7A4F7556}") = "BookStore.WebAPI", "BookStoreApi\BookStore.WebAPI.csproj", "{FA8708A3-DB12-4443-ABD5-FD5EBC5C8F69}"
EndProject
Project("{2150E333-8FDC-42A3-9474-1A3956D46DE8}") = "API Core", "API Core", "{C4461E4C-A9D1-488F-94C1-9C419258D887}"
EndProject
Project("{2150E333-8FDC-42A3-9474-1A3956D46DE8}") = "API Infrastructure", "API Infrastructure", "{67B22D88-816A-4250-A3F9-D540636B06CE}"
EndProject
Project("{2150E333-8FDC-42A3-9474-1A3956D46DE8}") = "API", "API", "{8A98EC5D-4EFE-4A25-9A5A-C7628D64E9FE}"
EndProject
Global
	GlobalSection(SolutionConfigurationPlatforms) = preSolution
		Debug|Any CPU = Debug|Any CPU
		Release|Any CPU = Release|Any CPU
	EndGlobalSection
	GlobalSection(ProjectConfigurationPlatforms) = postSolution
		{FA8708A3-DB12-4443-ABD5-FD5EBC5C8F69}.Debug|Any CPU.ActiveCfg = Debug|Any CPU
		{FA8708A3-DB12-4443-ABD5-FD5EBC5C8F69}.Debug|Any CPU.Build.0 = Debug|Any CPU
		{FA8708A3-DB12-4443-ABD5-FD5EBC5C8F69}.Release|Any CPU.ActiveCfg = Release|Any CPU
		{FA8708A3-DB12-4443-ABD5-FD5EBC5C8F69}.Release|Any CPU.Build.0 = Release|Any CPU
	EndGlobalSection
	GlobalSection(SolutionProperties) = preSolution
		HideSolutionNode = FALSE
	EndGlobalSection
	GlobalSection(NestedProjects) = preSolution
		{FA8708A3-DB12-4443-ABD5-FD5EBC5C8F69} = {8A98EC5D-4EFE-4A25-9A5A-C7628D64E9FE}
	EndGlobalSection
	GlobalSection(ExtensibilityGlobals) = postSolution
		SolutionGuid = {12381F03-D6DB-4CEF-9B33-8C39846ABD47}
	EndGlobalSection
EndGlobal
